{
  "nodes": {
    "flake-parts": {
      "inputs": {
        "nixpkgs-lib": [
          "nixpkgs"
        ]
      },
      "locked": {
        "lastModified": 1782949081,
        "narHash": "sha256-vp6Y/Grm98ESt6ceOkWiHWyZRDV3J1RID4w+6NWK9yA=",
        "owner": "hercules-ci",
        "repo": "flake-parts",
        "rev": "17c9d6cdfc60c64f4ee8d306f9bc0b4ccb51481e",
        "type": "github"
      },
      "original": {
        "owner": "hercules-ci",
        "repo": "flake-parts",
        "type": "github"
      }
    },
    "mlib": {
      "inputs": {
        "flake-parts": [
          "flake-parts"
        ]
      },
      "locked": {
        "lastModified": 1785492531,
        "narHash": "sha256-OByOU2/5NmYiOnKLwFgFRwyxZfd1d9iKy4BSlHazn+E=",
        "owner": "MaxTheMooshroom",
        "repo": "mlib.nix",
        "rev": "a6627faec93e5ed26b7971d693ebff68519a2ebd",
        "type": "github"
      },
      "original": {
        "owner": "MaxTheMooshroom",
        "repo": "mlib.nix",
        "type": "github"
      }
    },
    "nixpkgs": {
      "locked": {
        "lastModified": 1780145889,
        "narHash": "sha256-md0zn0RnwNvPyASas1yG5YUuwQ4ALA6ucL50l0DvqCo=",
        "owner": "NixOS",
        "repo": "nixpkgs",
        "rev": "8c50a710ddca43d7a530fb805ad55bde8d0141c5",
        "type": "github"
      },
      "original": {
        "owner": "NixOS",
        "ref": "26.05",
        "repo": "nixpkgs",
        "type": "github"
      }
    },
    "nixpkgs_2": {
      "locked": {
        "lastModified": 1744536153,
        "narHash": "sha256-awS2zRgF4uTwrOKwwiJcByDzDOdo3Q1rPZbiHQg/N38=",
        "owner": "NixOS",
        "repo": "nixpkgs",
        "rev": "18dd725c29603f582cf1900e0d25f9f1063dbf11",
        "type": "github"
      },
      "original": {
        "owner": "NixOS",
        "ref": "nixpkgs-unstable",
        "repo": "nixpkgs",
        "type": "github"
      }
    },
    "root": {
      "inputs": {
        "flake-parts": "flake-parts",
        "mlib": "mlib",
        "nixpkgs": "nixpkgs",
        "rust-overlay": "rust-overlay"
      }
    },
    "rust-overlay": {
      "inputs": {
        "nixpkgs": "nixpkgs_2"
      },
      "locked": {
        "lastModified": 1789196581,
        "narHash": "sha256-yJr1Bt4fKkKIpPYbsKGqJ0VFdoDnURgRwuffmBQ2WzY=",
        "owner": "oxalica",
        "repo": "rust-overlay",
        "rev": "228ecefb6329d5a531b77b46b581a2f0c26ee056",
        "type": "github"
      },
      "original": {
        "owner": "oxalica",
        "repo": "rust-overlay",
        "type": "github"
      }
    }
  },
  "root": "root",
  "version": 7
}
